
Microsoft Visual Studio Solution File, Format Version 12.00
# Visual Studio Version 16
VisualStudioVersion = 16.0.30804.86
MinimumVisualStudioVersion = 10.0.40219.1
Project("{2150E333-8FDC-42A3-9474-1A3956D46DE8}") = "src", "src", "{494BC627-FA20-40EA-8048-01A22E049361}"
EndProject
Project("{2150E333-8FDC-42A3-9474-1A3956D46DE8}") = "test", "test", "{4DD24AB2-8959-4615-88C6-9A85326AA8D0}"
EndProject
Project("{2150E333-8FDC-42A3-9474-1A3956D46DE8}") = "API", "API", "{422F0042-8595-47A1-A1A9-D186CC14A756}"
EndProject
Project("{2150E333-8FDC-42A3-9474-1A3956D46DE8}") = "Core", "Core", "{639A8DC4-5CC5-4F65-8802-05B349708F39}"
EndProject
Project("{2150E333-8FDC-42A3-9474-1A3956D46DE8}") = "Infrastructure", "Infrastructure", "{CFC146FD-C631-4C5A-A97D-2B6139622EB1}"
EndProject
Project("{9A19103F-16F7-4668-BE54-9A1E7A4F7556}") = "GloboWeather.WeatherManagement.Application", "GloboWeather.WeatherManagement.Application\GloboWeather.WeatherManagement.Application.csproj", "{494EE425-ADBA-4B52-9BC9-E30306770484}"
EndProject
Project("{9A19103F-16F7-4668-BE54-9A1E7A4F7556}") = "GloboWeather.WeatherManagement.Domain", "GloboWeather.WeatherManagement.Domain\GloboWeather.WeatherManagement.Domain.csproj", "{83842DD0-9B12-42C9-80E6-820806603500}"
EndProject
Project("{9A19103F-16F7-4668-BE54-9A1E7A4F7556}") = "GloboWeather.WeatherManagement.Identity", "GloboWeather.WeatherManagement.Identity\GloboWeather.WeatherManagement.Identity.csproj", "{D9ED514A-67FC-4A5A-95B2-00B9E902266C}"
EndProject
Project("{9A19103F-16F7-4668-BE54-9A1E7A4F7556}") = "GloboWeather.WeatherManagement.Persistence", "GloboWeather.WeatherManagement.Persistence\GloboWeather.WeatherManagement.Persistence.csproj", "{FDBF429C-36B1-4D9B-A6FE-059CE498919E}"
EndProject
Project("{9A19103F-16F7-4668-BE54-9A1E7A4F7556}") = "GloboWeather.WeatherManagement.Api", "GloboWeather.WeatherManagement.Api\GloboWeather.WeatherManagement.Api.csproj", "{572126A5-ECAF-43E0-80A4-5D3FD96C6558}"
EndProject
Project("{9A19103F-16F7-4668-BE54-9A1E7A4F7556}") = "GloboWeather.WeatherManagement.Infrastructure", "GloboWeather.WeatherManagement.Infrastructure\GloboWeather.WeatherManagement.Infrastructure.csproj", "{72012E61-F17C-48FD-885B-44AB7D4F7AB6}"
EndProject
Project("{9A19103F-16F7-4668-BE54-9A1E7A4F7556}") = "GloboWeather.WeatherManagement.Weather", "GloboWeather.WeatherManagement.Weather\GloboWeather.WeatherManagement.Weather.csproj", "{B2C00D79-9E67-47BF-8E88-84105F0FDECC}"
EndProject
Project("{9A19103F-16F7-4668-BE54-9A1E7A4F7556}") = "GloboWeather.WeatherManagement.Monitoring", "GloboWeather.WeatherManagement.Monitoring\GloboWeather.WeatherManagement.Monitoring.csproj", "{BD989529-6CF3-4DFA-ADCF-AD740A05A0C9}"
EndProject
Project("{2150E333-8FDC-42A3-9474-1A3956D46DE8}") = "BackgroundServices", "BackgroundServices", "{449D8D4E-8C93-4B37-BE81-49BB3E584D76}"
EndProject
Project("{9A19103F-16F7-4668-BE54-9A1E7A4F7556}") = "WeatherBackgroundService", "WeatherBackgroundService\WeatherBackgroundService.csproj", "{A66517F6-AB40-4C42-AA74-B0117859209C}"
EndProject
Project("{2150E333-8FDC-42A3-9474-1A3956D46DE8}") = "TestSignalR", "TestSignalR", "{98AB7D79-E075-43CE-A062-5E0961EFFB28}"
EndProject
Project("{FAE04EC0-301F-11D3-BF4B-00C04F79EFBC}") = "GloboWeather.WeatherManagement.Persistence.IntegrationTests", "Test\GloboWeather.WeatherManagement.Persistence.IntegrationTests\GloboWeather.WeatherManagement.Persistence.IntegrationTests.csproj", "{8B4A0E42-2B22-4AE0-AFE8-663AA78DD03A}"
EndProject
Project("{FAE04EC0-301F-11D3-BF4B-00C04F79EFBC}") = "GloboWeather.WeatherManagement.Application.UnitTests", "Test\GloboWeather.WeatherManagement.Application.UnitTests\GloboWeather.WeatherManagement.Application.UnitTests.csproj", "{9F82E5EC-B79B-40CA-AE70-979FA7EAF2EB}"
EndProject
Project("{FAE04EC0-301F-11D3-BF4B-00C04F79EFBC}") = "GloboWeather.WeatherManagement.API.IntergrationTests", "Test\GloboWeather.WeatherManagement.API.IntergrationTests\GloboWeather.WeatherManagement.API.IntergrationTests.csproj", "{EC8690D8-3F07-4475-B8F5-363B85261D25}"
EndProject
Global
	GlobalSection(SolutionConfigurationPlatforms) = preSolution
		Debug|Any CPU = Debug|Any CPU
		Release|Any CPU = Release|Any CPU
	EndGlobalSection
	GlobalSection(ProjectConfigurationPlatforms) = postSolution
		{494EE425-ADBA-4B52-9BC9-E30306770484}.Debug|Any CPU.ActiveCfg = Debug|Any CPU
		{494EE425-ADBA-4B52-9BC9-E30306770484}.Debug|Any CPU.Build.0 = Debug|Any CPU
		{494EE425-ADBA-4B52-9BC9-E30306770484}.Release|Any CPU.ActiveCfg = Release|Any CPU
		{494EE425-ADBA-4B52-9BC9-E30306770484}.Release|Any CPU.Build.0 = Release|Any CPU
		{83842DD0-9B12-42C9-80E6-820806603500}.Debug|Any CPU.ActiveCfg = Debug|Any CPU
		{83842DD0-9B12-42C9-80E6-820806603500}.Debug|Any CPU.Build.0 = Debug|Any CPU
		{83842DD0-9B12-42C9-80E6-820806603500}.Release|Any CPU.ActiveCfg = Release|Any CPU
		{83842DD0-9B12-42C9-80E6-820806603500}.Release|Any CPU.Build.0 = Release|Any CPU
		{D9ED514A-67FC-4A5A-95B2-00B9E902266C}.Debug|Any CPU.ActiveCfg = Debug|Any CPU
		{D9ED514A-67FC-4A5A-95B2-00B9E902266C}.Debug|Any CPU.Build.0 = Debug|Any CPU
		{D9ED514A-67FC-4A5A-95B2-00B9E902266C}.Release|Any CPU.ActiveCfg = Release|Any CPU
		{D9ED514A-67FC-4A5A-95B2-00B9E902266C}.Release|Any CPU.Build.0 = Release|Any CPU
		{FDBF429C-36B1-4D9B-A6FE-059CE498919E}.Debug|Any CPU.ActiveCfg = Debug|Any CPU
		{FDBF429C-36B1-4D9B-A6FE-059CE498919E}.Debug|Any CPU.Build.0 = Debug|Any CPU
		{FDBF429C-36B1-4D9B-A6FE-059CE498919E}.Release|Any CPU.ActiveCfg = Release|Any CPU
		{FDBF429C-36B1-4D9B-A6FE-059CE498919E}.Release|Any CPU.Build.0 = Release|Any CPU
		{572126A5-ECAF-43E0-80A4-5D3FD96C6558}.Debug|Any CPU.ActiveCfg = Debug|Any CPU
		{572126A5-ECAF-43E0-80A4-5D3FD96C6558}.Debug|Any CPU.Build.0 = Debug|Any CPU
		{572126A5-ECAF-43E0-80A4-5D3FD96C6558}.Release|Any CPU.ActiveCfg = Release|Any CPU
		{572126A5-ECAF-43E0-80A4-5D3FD96C6558}.Release|Any CPU.Build.0 = Release|Any CPU
		{72012E61-F17C-48FD-885B-44AB7D4F7AB6}.Debug|Any CPU.ActiveCfg = Debug|Any CPU
		{72012E61-F17C-48FD-885B-44AB7D4F7AB6}.Debug|Any CPU.Build.0 = Debug|Any CPU
		{72012E61-F17C-48FD-885B-44AB7D4F7AB6}.Release|Any CPU.ActiveCfg = Release|Any CPU
		{72012E61-F17C-48FD-885B-44AB7D4F7AB6}.Release|Any CPU.Build.0 = Release|Any CPU
		{B2C00D79-9E67-47BF-8E88-84105F0FDECC}.Debug|Any CPU.ActiveCfg = Debug|Any CPU
		{B2C00D79-9E67-47BF-8E88-84105F0FDECC}.Debug|Any CPU.Build.0 = Debug|Any CPU
		{B2C00D79-9E67-47BF-8E88-84105F0FDECC}.Release|Any CPU.ActiveCfg = Release|Any CPU
		{B2C00D79-9E67-47BF-8E88-84105F0FDECC}.Release|Any CPU.Build.0 = Release|Any CPU
		{BD989529-6CF3-4DFA-ADCF-AD740A05A0C9}.Debug|Any CPU.ActiveCfg = Debug|Any CPU
		{BD989529-6CF3-4DFA-ADCF-AD740A05A0C9}.Debug|Any CPU.Build.0 = Debug|Any CPU
		{BD989529-6CF3-4DFA-ADCF-AD740A05A0C9}.Release|Any CPU.ActiveCfg = Release|Any CPU
		{BD989529-6CF3-4DFA-ADCF-AD740A05A0C9}.Release|Any CPU.Build.0 = Release|Any CPU
		{A66517F6-AB40-4C42-AA74-B0117859209C}.Debug|Any CPU.ActiveCfg = Debug|Any CPU
		{A66517F6-AB40-4C42-AA74-B0117859209C}.Debug|Any CPU.Build.0 = Debug|Any CPU
		{A66517F6-AB40-4C42-AA74-B0117859209C}.Release|Any CPU.ActiveCfg = Release|Any CPU
		{A66517F6-AB40-4C42-AA74-B0117859209C}.Release|Any CPU.Build.0 = Release|Any CPU
		{8B4A0E42-2B22-4AE0-AFE8-663AA78DD03A}.Debug|Any CPU.ActiveCfg = Debug|Any CPU
		{8B4A0E42-2B22-4AE0-AFE8-663AA78DD03A}.Debug|Any CPU.Build.0 = Debug|Any CPU
		{8B4A0E42-2B22-4AE0-AFE8-663AA78DD03A}.Release|Any CPU.ActiveCfg = Release|Any CPU
		{8B4A0E42-2B22-4AE0-AFE8-663AA78DD03A}.Release|Any CPU.Build.0 = Release|Any CPU
		{9F82E5EC-B79B-40CA-AE70-979FA7EAF2EB}.Debug|Any CPU.ActiveCfg = Debug|Any CPU
		{9F82E5EC-B79B-40CA-AE70-979FA7EAF2EB}.Debug|Any CPU.Build.0 = Debug|Any CPU
		{9F82E5EC-B79B-40CA-AE70-979FA7EAF2EB}.Release|Any CPU.ActiveCfg = Release|Any CPU
		{9F82E5EC-B79B-40CA-AE70-979FA7EAF2EB}.Release|Any CPU.Build.0 = Release|Any CPU
		{EC8690D8-3F07-4475-B8F5-363B85261D25}.Debug|Any CPU.ActiveCfg = Debug|Any CPU
		{EC8690D8-3F07-4475-B8F5-363B85261D25}.Debug|Any CPU.Build.0 = Debug|Any CPU
		{EC8690D8-3F07-4475-B8F5-363B85261D25}.Release|Any CPU.ActiveCfg = Release|Any CPU
		{EC8690D8-3F07-4475-B8F5-363B85261D25}.Release|Any CPU.Build.0 = Release|Any CPU
	EndGlobalSection
	GlobalSection(SolutionProperties) = preSolution
		HideSolutionNode = FALSE
	EndGlobalSection
	GlobalSection(NestedProjects) = preSolution
		{422F0042-8595-47A1-A1A9-D186CC14A756} = {494BC627-FA20-40EA-8048-01A22E049361}
		{639A8DC4-5CC5-4F65-8802-05B349708F39} = {494BC627-FA20-40EA-8048-01A22E049361}
		{CFC146FD-C631-4C5A-A97D-2B6139622EB1} = {494BC627-FA20-40EA-8048-01A22E049361}
		{494EE425-ADBA-4B52-9BC9-E30306770484} = {639A8DC4-5CC5-4F65-8802-05B349708F39}
		{83842DD0-9B12-42C9-80E6-820806603500} = {639A8DC4-5CC5-4F65-8802-05B349708F39}
		{D9ED514A-67FC-4A5A-95B2-00B9E902266C} = {CFC146FD-C631-4C5A-A97D-2B6139622EB1}
		{FDBF429C-36B1-4D9B-A6FE-059CE498919E} = {CFC146FD-C631-4C5A-A97D-2B6139622EB1}
		{572126A5-ECAF-43E0-80A4-5D3FD96C6558} = {422F0042-8595-47A1-A1A9-D186CC14A756}
		{72012E61-F17C-48FD-885B-44AB7D4F7AB6} = {CFC146FD-C631-4C5A-A97D-2B6139622EB1}
		{B2C00D79-9E67-47BF-8E88-84105F0FDECC} = {CFC146FD-C631-4C5A-A97D-2B6139622EB1}
		{BD989529-6CF3-4DFA-ADCF-AD740A05A0C9} = {CFC146FD-C631-4C5A-A97D-2B6139622EB1}
		{449D8D4E-8C93-4B37-BE81-49BB3E584D76} = {494BC627-FA20-40EA-8048-01A22E049361}
		{A66517F6-AB40-4C42-AA74-B0117859209C} = {449D8D4E-8C93-4B37-BE81-49BB3E584D76}
		{98AB7D79-E075-43CE-A062-5E0961EFFB28} = {4DD24AB2-8959-4615-88C6-9A85326AA8D0}
		{8B4A0E42-2B22-4AE0-AFE8-663AA78DD03A} = {4DD24AB2-8959-4615-88C6-9A85326AA8D0}
		{9F82E5EC-B79B-40CA-AE70-979FA7EAF2EB} = {4DD24AB2-8959-4615-88C6-9A85326AA8D0}
		{EC8690D8-3F07-4475-B8F5-363B85261D25} = {4DD24AB2-8959-4615-88C6-9A85326AA8D0}
	EndGlobalSection
	GlobalSection(ExtensibilityGlobals) = postSolution
		SolutionGuid = {F90B87E3-CB7A-4CD8-9F3C-593905BBBAA2}
	EndGlobalSection
EndGlobal
